
Microsoft Visual Studio Solution File, Format Version 12.00
# Visual Studio 15
VisualStudioVersion = 15.0.26430.16
MinimumVisualStudioVersion = 10.0.40219.1
Project("{FAE04EC0-301F-11D3-BF4B-00C04F79EFBC}") = "tehtava3", "tehtava3\tehtava3.csproj", "{CD9E5AC7-3DA1-4024-B351-BF01B35F6605}"
EndProject
Project("{FAE04EC0-301F-11D3-BF4B-00C04F79EFBC}") = "carapp", "carapp\carapp.csproj", "{0494735C-A636-4059-9B5C-EE81ED376B0D}"
EndProject
Project("{FAE04EC0-301F-11D3-BF4B-00C04F79EFBC}") = "statictest", "statictest\statictest.csproj", "{0F4B2359-B026-487A-9A86-A99B77995F8E}"
EndProject
Project("{FAE04EC0-301F-11D3-BF4B-00C04F79EFBC}") = "tehtava1", "tehtava1\tehtava1.csproj", "{B9C44AF0-DBCE-48AA-9235-2CB6BDD0CBBE}"
EndProject
Project("{FAE04EC0-301F-11D3-BF4B-00C04F79EFBC}") = "tehtava2", "tehtava2\tehtava2.csproj", "{74E51E14-E14D-4950-B32B-12731FDEB97B}"
EndProject
Global
	GlobalSection(SolutionConfigurationPlatforms) = preSolution
		Debug|Any CPU = Debug|Any CPU
		Release|Any CPU = Release|Any CPU
	EndGlobalSection
	GlobalSection(ProjectConfigurationPlatforms) = postSolution
		{CD9E5AC7-3DA1-4024-B351-BF01B35F6605}.Debug|Any CPU.ActiveCfg = Debug|Any CPU
		{CD9E5AC7-3DA1-4024-B351-BF01B35F6605}.Debug|Any CPU.Build.0 = Debug|Any CPU
		{CD9E5AC7-3DA1-4024-B351-BF01B35F6605}.Release|Any CPU.ActiveCfg = Release|Any CPU
		{CD9E5AC7-3DA1-4024-B351-BF01B35F6605}.Release|Any CPU.Build.0 = Release|Any CPU
		{0494735C-A636-4059-9B5C-EE81ED376B0D}.Debug|Any CPU.ActiveCfg = Debug|Any CPU
		{0494735C-A636-4059-9B5C-EE81ED376B0D}.Debug|Any CPU.Build.0 = Debug|Any CPU
		{0494735C-A636-4059-9B5C-EE81ED376B0D}.Release|Any CPU.ActiveCfg = Release|Any CPU
		{0494735C-A636-4059-9B5C-EE81ED376B0D}.Release|Any CPU.Build.0 = Release|Any CPU
		{0F4B2359-B026-487A-9A86-A99B77995F8E}.Debug|Any CPU.ActiveCfg = Debug|Any CPU
		{0F4B2359-B026-487A-9A86-A99B77995F8E}.Debug|Any CPU.Build.0 = Debug|Any CPU
		{0F4B2359-B026-487A-9A86-A99B77995F8E}.Release|Any CPU.ActiveCfg = Release|Any CPU
		{0F4B2359-B026-487A-9A86-A99B77995F8E}.Release|Any CPU.Build.0 = Release|Any CPU
		{B9C44AF0-DBCE-48AA-9235-2CB6BDD0CBBE}.Debug|Any CPU.ActiveCfg = Debug|Any CPU
		{B9C44AF0-DBCE-48AA-9235-2CB6BDD0CBBE}.Debug|Any CPU.Build.0 = Debug|Any CPU
		{B9C44AF0-DBCE-48AA-9235-2CB6BDD0CBBE}.Release|Any CPU.ActiveCfg = Release|Any CPU
		{B9C44AF0-DBCE-48AA-9235-2CB6BDD0CBBE}.Release|Any CPU.Build.0 = Release|Any CPU
		{74E51E14-E14D-4950-B32B-12731FDEB97B}.Debug|Any CPU.ActiveCfg = Debug|Any CPU
		{74E51E14-E14D-4950-B32B-12731FDEB97B}.Debug|Any CPU.Build.0 = Debug|Any CPU
		{74E51E14-E14D-4950-B32B-12731FDEB97B}.Release|Any CPU.ActiveCfg = Release|Any CPU
		{74E51E14-E14D-4950-B32B-12731FDEB97B}.Release|Any CPU.Build.0 = Release|Any CPU
	EndGlobalSection
	GlobalSection(SolutionProperties) = preSolution
		HideSolutionNode = FALSE
	EndGlobalSection
EndGlobal
